
Microsoft Visual Studio Solution File, Format Version 12.00
# Visual Studio Version 17
VisualStudioVersion = 17.3.32811.315
MinimumVisualStudioVersion = 10.0.40219.1
Project("{FAE04EC0-301F-11D3-BF4B-00C04F79EFBC}") = "PrimeNumberWithForm", "PrimeNumberWithForm.csproj", "{48659A83-5112-4492-9EE5-B88711CB5461}"
EndProject
Global
	GlobalSection(SolutionConfigurationPlatforms) = preSolution
		Debug|Any CPU = Debug|Any CPU
		Release|Any CPU = Release|Any CPU
	EndGlobalSection
	GlobalSection(ProjectConfigurationPlatforms) = postSolution
		{48659A83-5112-4492-9EE5-B88711CB5461}.Debug|Any CPU.ActiveCfg = Debug|Any CPU
		{48659A83-5112-4492-9EE5-B88711CB5461}.Debug|Any CPU.Build.0 = Debug|Any CPU
		{48659A83-5112-4492-9EE5-B88711CB5461}.Release|Any CPU.ActiveCfg = Release|Any CPU
		{48659A83-5112-4492-9EE5-B88711CB5461}.Release|Any CPU.Build.0 = Release|Any CPU
	EndGlobalSection
	GlobalSection(SolutionProperties) = preSolution
		HideSolutionNode = FALSE
	EndGlobalSection
	GlobalSection(ExtensibilityGlobals) = postSolution
		SolutionGuid = {D55C393C-52C7-4B6A-86B5-2A8D51BFC23B}
	EndGlobalSection
EndGlobal
